{
  "name": "template-editor",
  "version": "1.0.0",
  "lockfileVersion": 1,
  "requires": true,
  "dependencies": {
    "@types/codemirror": {
      "version": "0.0.75",
      "resolved": "https://registry.npmjs.org/@types/codemirror/-/codemirror-0.0.75.tgz",
      "integrity": "sha512-GhTfPMqrQiHdBoM002Lc6pcyBewsbginhYDhmmXUMxc980VTWm9UsmcnVdb5VmA2NWw492J3nMy9vG2s/IQQfA==",
      "dev": true,
      "requires": {
        "@types/tern": "*"
      }
    },
    "@types/estree": {
      "version": "0.0.39",
      "resolved": "https://registry.npmjs.org/@types/estree/-/estree-0.0.39.tgz",
      "integrity": "sha512-EYNwp3bU+98cpU4lAWYYL7Zz+2gryWH1qbdDTidVd6hkiR6weksdbMadyXKXNPEkQFhXM+hVO9ZygomHXp+AIw==",
      "dev": true
    },
    "@types/tern": {
      "version": "0.23.3",
      "resolved": "https://registry.npmjs.org/@types/tern/-/tern-0.23.3.tgz",
      "integrity": "sha512-imDtS4TAoTcXk0g7u4kkWqedB3E4qpjXzCpD2LU5M5NAXHzCDsypyvXSaG7mM8DKYkCRa7tFp4tS/lp/Wo7Q3w==",
      "dev": true,
      "requires": {
        "@types/estree": "*"
      }
    },
    "codemirror": {
      "version": "5.48.0",
      "resolved": "https://registry.npmjs.org/codemirror/-/codemirror-5.48.0.tgz",
      "integrity": "sha512-3Ter+tYtRlTNtxtYdYNPxGxBL/b3cMcvPdPm70gvmcOO2Rauv/fUEewWa0tT596Hosv6ea2mtpx28OXBy1mQCg=="
    }
  }
}
